
Microsoft Visual Studio Solution File, Format Version 12.00
# Visual Studio Version 17
VisualStudioVersion = 17.14.36705.20
MinimumVisualStudioVersion = 10.0.40219.1
Project("{FAE04EC0-301F-11D3-BF4B-00C04F79EFBC}") = "BDPoligons2D", "BDPoligons2D\BDPoligons2D.csproj", "{B189B029-04A6-4953-9104-DA1CCB7A3290}"
EndProject
Global
	GlobalSection(SolutionConfigurationPlatforms) = preSolution
		Debug|Any CPU = Debug|Any CPU
		Debug|x64 = Debug|x64
		Release|Any CPU = Release|Any CPU
		Release|x64 = Release|x64
	EndGlobalSection
	GlobalSection(ProjectConfigurationPlatforms) = postSolution
		{B189B029-04A6-4953-9104-DA1CCB7A3290}.Debug|Any CPU.ActiveCfg = Debug|Any CPU
		{B189B029-04A6-4953-9104-DA1CCB7A3290}.Debug|Any CPU.Build.0 = Debug|Any CPU
		{B189B029-04A6-4953-9104-DA1CCB7A3290}.Debug|x64.ActiveCfg = Debug|x64
		{B189B029-04A6-4953-9104-DA1CCB7A3290}.Debug|x64.Build.0 = Debug|x64
		{B189B029-04A6-4953-9104-DA1CCB7A3290}.Release|Any CPU.ActiveCfg = Release|Any CPU
		{B189B029-04A6-4953-9104-DA1CCB7A3290}.Release|Any CPU.Build.0 = Release|Any CPU
		{B189B029-04A6-4953-9104-DA1CCB7A3290}.Release|x64.ActiveCfg = Release|x64
		{B189B029-04A6-4953-9104-DA1CCB7A3290}.Release|x64.Build.0 = Release|x64
	EndGlobalSection
	GlobalSection(SolutionProperties) = preSolution
		HideSolutionNode = FALSE
	EndGlobalSection
	GlobalSection(ExtensibilityGlobals) = postSolution
		SolutionGuid = {5D609088-9F24-41CC-A3F2-E6A3C1D1C0D4}
	EndGlobalSection
EndGlobal
